
Microsoft Visual Studio Solution File, Format Version 12.00
# Visual Studio Version 17
VisualStudioVersion = 17.11.35312.102
MinimumVisualStudioVersion = 10.0.40219.1
Project("{FAE04EC0-301F-11D3-BF4B-00C04F79EFBC}") = "Demo_KemTra_Bai6", "Demo_KemTra_Bai6.csproj", "{06F1EC3F-8F68-49B0-80E2-73981EC70F97}"
EndProject
Global
	GlobalSection(SolutionConfigurationPlatforms) = preSolution
		Debug|Any CPU = Debug|Any CPU
		Release|Any CPU = Release|Any CPU
	EndGlobalSection
	GlobalSection(ProjectConfigurationPlatforms) = postSolution
		{06F1EC3F-8F68-49B0-80E2-73981EC70F97}.Debug|Any CPU.ActiveCfg = Debug|Any CPU
		{06F1EC3F-8F68-49B0-80E2-73981EC70F97}.Debug|Any CPU.Build.0 = Debug|Any CPU
		{06F1EC3F-8F68-49B0-80E2-73981EC70F97}.Release|Any CPU.ActiveCfg = Release|Any CPU
		{06F1EC3F-8F68-49B0-80E2-73981EC70F97}.Release|Any CPU.Build.0 = Release|Any CPU
	EndGlobalSection
	GlobalSection(SolutionProperties) = preSolution
		HideSolutionNode = FALSE
	EndGlobalSection
	GlobalSection(ExtensibilityGlobals) = postSolution
		SolutionGuid = {27D78928-2B0C-4DF3-8660-6F6B9353E03A}
	EndGlobalSection
EndGlobal
